
Microsoft Visual Studio Solution File, Format Version 12.00
# Visual Studio Version 17
VisualStudioVersion = 17.0.32112.339
MinimumVisualStudioVersion = 10.0.40219.1
Project("{FAE04EC0-301F-11D3-BF4B-00C04F79EFBC}") = "IsWiXExtension", "IsWiXExtension\IsWiXExtension.csproj", "{93B2517C-A7E9-497C-B92E-11CAF9D04AF8}"
EndProject
Global
	GlobalSection(SolutionConfigurationPlatforms) = preSolution
		Debug|Any CPU = Debug|Any CPU
		Release|Any CPU = Release|Any CPU
	EndGlobalSection
	GlobalSection(ProjectConfigurationPlatforms) = postSolution
		{93B2517C-A7E9-497C-B92E-11CAF9D04AF8}.Debug|Any CPU.ActiveCfg = Debug|Any CPU
		{93B2517C-A7E9-497C-B92E-11CAF9D04AF8}.Debug|Any CPU.Build.0 = Debug|Any CPU
		{93B2517C-A7E9-497C-B92E-11CAF9D04AF8}.Debug|Any CPU.Deploy.0 = Debug|Any CPU
		{93B2517C-A7E9-497C-B92E-11CAF9D04AF8}.Release|Any CPU.ActiveCfg = Release|Any CPU
		{93B2517C-A7E9-497C-B92E-11CAF9D04AF8}.Release|Any CPU.Build.0 = Release|Any CPU
		{93B2517C-A7E9-497C-B92E-11CAF9D04AF8}.Release|Any CPU.Deploy.0 = Release|Any CPU
	EndGlobalSection
	GlobalSection(SolutionProperties) = preSolution
		HideSolutionNode = FALSE
	EndGlobalSection
	GlobalSection(ExtensibilityGlobals) = postSolution
		SolutionGuid = {0DCB5607-5776-4BEB-B267-E06C84312C9F}
	EndGlobalSection
EndGlobal
