
Microsoft Visual Studio Solution File, Format Version 12.00
# Visual Studio 15
VisualStudioVersion = 15.0.28307.136
MinimumVisualStudioVersion = 10.0.40219.1
Project("{2150E333-8FDC-42A3-9474-1A3956D46DE8}") = "Designers", "Designers", "{94BCBA4B-1D51-406B-BA90-63E42F7629A2}"
EndProject
Project("{2150E333-8FDC-42A3-9474-1A3956D46DE8}") = "Shared", "Shared", "{27EDD51D-A5F3-430F-80B1-49B13F450C89}"
EndProject
Project("{FAE04EC0-301F-11D3-BF4B-00C04F79EFBC}") = "IsWiX", "IsWiX\IsWiX.csproj", "{8707935E-E766-49E5-8560-A307090E2C39}"
	ProjectSection(ProjectDependencies) = postProject
		{EC5ECF36-4F4C-45E2-A446-B331AC8126D5} = {EC5ECF36-4F4C-45E2-A446-B331AC8126D5}
		{62EE9B37-D99A-4AC0-898A-EC822268467C} = {62EE9B37-D99A-4AC0-898A-EC822268467C}
		{D14BED47-FF47-49F4-B15E-E28E4607B757} = {D14BED47-FF47-49F4-B15E-E28E4607B757}
		{4B733F56-A202-4813-9494-53B048FE07B6} = {4B733F56-A202-4813-9494-53B048FE07B6}
		{205BC85E-79EB-45ED-A861-ADC5CEBDF140} = {205BC85E-79EB-45ED-A861-ADC5CEBDF140}
		{9AD79B6E-B90B-435B-A7DF-1B01C4D563DF} = {9AD79B6E-B90B-435B-A7DF-1B01C4D563DF}
		{7C470E97-D17B-41A2-B1E2-9EC665300E36} = {7C470E97-D17B-41A2-B1E2-9EC665300E36}
		{461DDAB2-0B76-460D-9F3E-041CB88DF974} = {461DDAB2-0B76-460D-9F3E-041CB88DF974}
		{49ADFDB8-D7A2-40D7-8A22-DA540F2E8237} = {49ADFDB8-D7A2-40D7-8A22-DA540F2E8237}
		{5875AECD-549F-4209-95ED-A95DF4F0FB21} = {5875AECD-549F-4209-95ED-A95DF4F0FB21}
		{9B75CED2-3FFA-4E40-9B7E-B8EB364D7008} = {9B75CED2-3FFA-4E40-9B7E-B8EB364D7008}
	EndProjectSection
EndProject
Project("{FAE04EC0-301F-11D3-BF4B-00C04F79EFBC}") = "GeneralInformationDesigner", "Designers\GeneralInformationDesigner\GeneralInformationDesigner.csproj", "{5875AECD-549F-4209-95ED-A95DF4F0FB21}"
EndProject
Project("{FAE04EC0-301F-11D3-BF4B-00C04F79EFBC}") = "FilesAndFoldersDesigner", "Designers\FilesAndFoldersDesigner\FilesAndFoldersDesigner.csproj", "{EC5ECF36-4F4C-45E2-A446-B331AC8126D5}"
EndProject
Project("{FAE04EC0-301F-11D3-BF4B-00C04F79EFBC}") = "PropertiesDesigner", "Designers\PropertiesDesigner\PropertiesDesigner.csproj", "{9AD79B6E-B90B-435B-A7DF-1B01C4D563DF}"
EndProject
Project("{FAE04EC0-301F-11D3-BF4B-00C04F79EFBC}") = "CustomTablesDesigner", "Designers\CustomTablesDesigner\CustomTablesDesigner.csproj", "{49ADFDB8-D7A2-40D7-8A22-DA540F2E8237}"
EndProject
Project("{FAE04EC0-301F-11D3-BF4B-00C04F79EFBC}") = "NamespacesDesigner", "Designers\NamespacesDesigner\NamespacesDesigner.csproj", "{D14BED47-FF47-49F4-B15E-E28E4607B757}"
EndProject
Project("{FAE04EC0-301F-11D3-BF4B-00C04F79EFBC}") = "ServicesDesigner", "Designers\ServicesDesigner\ServicesDesigner.csproj", "{4B733F56-A202-4813-9494-53B048FE07B6}"
EndProject
Project("{FAE04EC0-301F-11D3-BF4B-00C04F79EFBC}") = "ShortCutsDesigner", "Designers\ShortCutsDesigner\ShortCutsDesigner.csproj", "{62EE9B37-D99A-4AC0-898A-EC822268467C}"
EndProject
Project("{FAE04EC0-301F-11D3-BF4B-00C04F79EFBC}") = "FeaturesDesigner", "Designers\FeaturesDesigner\FeaturesDesigner.csproj", "{9B75CED2-3FFA-4E40-9B7E-B8EB364D7008}"
EndProject
Project("{FAE04EC0-301F-11D3-BF4B-00C04F79EFBC}") = "AppXDesigner", "Designers\AppXDesigner\AppXDesigner.csproj", "{7C470E97-D17B-41A2-B1E2-9EC665300E36}"
EndProject
Project("{FAE04EC0-301F-11D3-BF4B-00C04F79EFBC}") = "IsWiXAutomationInterface", "Shared\WiXAutomationInteface\IsWiXAutomationInterface.csproj", "{461DDAB2-0B76-460D-9F3E-041CB88DF974}"
EndProject
Project("{FAE04EC0-301F-11D3-BF4B-00C04F79EFBC}") = "MSIXDesigner", "Designers\MSIXDesigner\MSIXDesigner.csproj", "{205BC85E-79EB-45ED-A861-ADC5CEBDF140}"
EndProject
Global
	GlobalSection(SolutionConfigurationPlatforms) = preSolution
		Debug|Any CPU = Debug|Any CPU
		Debug|x86 = Debug|x86
		Release|Any CPU = Release|Any CPU
		Release|x86 = Release|x86
	EndGlobalSection
	GlobalSection(ProjectConfigurationPlatforms) = postSolution
		{8707935E-E766-49E5-8560-A307090E2C39}.Debug|Any CPU.ActiveCfg = Debug|Any CPU
		{8707935E-E766-49E5-8560-A307090E2C39}.Debug|Any CPU.Build.0 = Debug|Any CPU
		{8707935E-E766-49E5-8560-A307090E2C39}.Debug|x86.ActiveCfg = Debug|Any CPU
		{8707935E-E766-49E5-8560-A307090E2C39}.Debug|x86.Build.0 = Debug|Any CPU
		{8707935E-E766-49E5-8560-A307090E2C39}.Release|Any CPU.ActiveCfg = Release|Any CPU
		{8707935E-E766-49E5-8560-A307090E2C39}.Release|Any CPU.Build.0 = Release|Any CPU
		{8707935E-E766-49E5-8560-A307090E2C39}.Release|x86.ActiveCfg = Release|Any CPU
		{8707935E-E766-49E5-8560-A307090E2C39}.Release|x86.Build.0 = Release|Any CPU
		{5875AECD-549F-4209-95ED-A95DF4F0FB21}.Debug|Any CPU.ActiveCfg = Debug|Any CPU
		{5875AECD-549F-4209-95ED-A95DF4F0FB21}.Debug|Any CPU.Build.0 = Debug|Any CPU
		{5875AECD-549F-4209-95ED-A95DF4F0FB21}.Debug|x86.ActiveCfg = Debug|Any CPU
		{5875AECD-549F-4209-95ED-A95DF4F0FB21}.Debug|x86.Build.0 = Debug|Any CPU
		{5875AECD-549F-4209-95ED-A95DF4F0FB21}.Release|Any CPU.ActiveCfg = Release|Any CPU
		{5875AECD-549F-4209-95ED-A95DF4F0FB21}.Release|Any CPU.Build.0 = Release|Any CPU
		{5875AECD-549F-4209-95ED-A95DF4F0FB21}.Release|x86.ActiveCfg = Release|Any CPU
		{5875AECD-549F-4209-95ED-A95DF4F0FB21}.Release|x86.Build.0 = Release|Any CPU
		{EC5ECF36-4F4C-45E2-A446-B331AC8126D5}.Debug|Any CPU.ActiveCfg = Debug|Any CPU
		{EC5ECF36-4F4C-45E2-A446-B331AC8126D5}.Debug|Any CPU.Build.0 = Debug|Any CPU
		{EC5ECF36-4F4C-45E2-A446-B331AC8126D5}.Debug|x86.ActiveCfg = Debug|Any CPU
		{EC5ECF36-4F4C-45E2-A446-B331AC8126D5}.Debug|x86.Build.0 = Debug|Any CPU
		{EC5ECF36-4F4C-45E2-A446-B331AC8126D5}.Release|Any CPU.ActiveCfg = Release|Any CPU
		{EC5ECF36-4F4C-45E2-A446-B331AC8126D5}.Release|Any CPU.Build.0 = Release|Any CPU
		{EC5ECF36-4F4C-45E2-A446-B331AC8126D5}.Release|x86.ActiveCfg = Release|Any CPU
		{EC5ECF36-4F4C-45E2-A446-B331AC8126D5}.Release|x86.Build.0 = Release|Any CPU
		{9AD79B6E-B90B-435B-A7DF-1B01C4D563DF}.Debug|Any CPU.ActiveCfg = Debug|Any CPU
		{9AD79B6E-B90B-435B-A7DF-1B01C4D563DF}.Debug|Any CPU.Build.0 = Debug|Any CPU
		{9AD79B6E-B90B-435B-A7DF-1B01C4D563DF}.Debug|x86.ActiveCfg = Debug|Any CPU
		{9AD79B6E-B90B-435B-A7DF-1B01C4D563DF}.Debug|x86.Build.0 = Debug|Any CPU
		{9AD79B6E-B90B-435B-A7DF-1B01C4D563DF}.Release|Any CPU.ActiveCfg = Release|Any CPU
		{9AD79B6E-B90B-435B-A7DF-1B01C4D563DF}.Release|Any CPU.Build.0 = Release|Any CPU
		{9AD79B6E-B90B-435B-A7DF-1B01C4D563DF}.Release|x86.ActiveCfg = Release|Any CPU
		{9AD79B6E-B90B-435B-A7DF-1B01C4D563DF}.Release|x86.Build.0 = Release|Any CPU
		{49ADFDB8-D7A2-40D7-8A22-DA540F2E8237}.Debug|Any CPU.ActiveCfg = Debug|Any CPU
		{49ADFDB8-D7A2-40D7-8A22-DA540F2E8237}.Debug|Any CPU.Build.0 = Debug|Any CPU
		{49ADFDB8-D7A2-40D7-8A22-DA540F2E8237}.Debug|x86.ActiveCfg = Debug|Any CPU
		{49ADFDB8-D7A2-40D7-8A22-DA540F2E8237}.Debug|x86.Build.0 = Debug|Any CPU
		{49ADFDB8-D7A2-40D7-8A22-DA540F2E8237}.Release|Any CPU.ActiveCfg = Release|Any CPU
		{49ADFDB8-D7A2-40D7-8A22-DA540F2E8237}.Release|Any CPU.Build.0 = Release|Any CPU
		{49ADFDB8-D7A2-40D7-8A22-DA540F2E8237}.Release|x86.ActiveCfg = Release|Any CPU
		{49ADFDB8-D7A2-40D7-8A22-DA540F2E8237}.Release|x86.Build.0 = Release|Any CPU
		{D14BED47-FF47-49F4-B15E-E28E4607B757}.Debug|Any CPU.ActiveCfg = Debug|Any CPU
		{D14BED47-FF47-49F4-B15E-E28E4607B757}.Debug|Any CPU.Build.0 = Debug|Any CPU
		{D14BED47-FF47-49F4-B15E-E28E4607B757}.Debug|x86.ActiveCfg = Debug|Any CPU
		{D14BED47-FF47-49F4-B15E-E28E4607B757}.Debug|x86.Build.0 = Debug|Any CPU
		{D14BED47-FF47-49F4-B15E-E28E4607B757}.Release|Any CPU.ActiveCfg = Release|Any CPU
		{D14BED47-FF47-49F4-B15E-E28E4607B757}.Release|Any CPU.Build.0 = Release|Any CPU
		{D14BED47-FF47-49F4-B15E-E28E4607B757}.Release|x86.ActiveCfg = Release|Any CPU
		{D14BED47-FF47-49F4-B15E-E28E4607B757}.Release|x86.Build.0 = Release|Any CPU
		{4B733F56-A202-4813-9494-53B048FE07B6}.Debug|Any CPU.ActiveCfg = Debug|Any CPU
		{4B733F56-A202-4813-9494-53B048FE07B6}.Debug|Any CPU.Build.0 = Debug|Any CPU
		{4B733F56-A202-4813-9494-53B048FE07B6}.Debug|x86.ActiveCfg = Debug|Any CPU
		{4B733F56-A202-4813-9494-53B048FE07B6}.Debug|x86.Build.0 = Debug|Any CPU
		{4B733F56-A202-4813-9494-53B048FE07B6}.Release|Any CPU.ActiveCfg = Release|Any CPU
		{4B733F56-A202-4813-9494-53B048FE07B6}.Release|Any CPU.Build.0 = Release|Any CPU
		{4B733F56-A202-4813-9494-53B048FE07B6}.Release|x86.ActiveCfg = Release|Any CPU
		{4B733F56-A202-4813-9494-53B048FE07B6}.Release|x86.Build.0 = Release|Any CPU
		{62EE9B37-D99A-4AC0-898A-EC822268467C}.Debug|Any CPU.ActiveCfg = Debug|Any CPU
		{62EE9B37-D99A-4AC0-898A-EC822268467C}.Debug|Any CPU.Build.0 = Debug|Any CPU
		{62EE9B37-D99A-4AC0-898A-EC822268467C}.Debug|x86.ActiveCfg = Debug|Any CPU
		{62EE9B37-D99A-4AC0-898A-EC822268467C}.Debug|x86.Build.0 = Debug|Any CPU
		{62EE9B37-D99A-4AC0-898A-EC822268467C}.Release|Any CPU.ActiveCfg = Release|Any CPU
		{62EE9B37-D99A-4AC0-898A-EC822268467C}.Release|Any CPU.Build.0 = Release|Any CPU
		{62EE9B37-D99A-4AC0-898A-EC822268467C}.Release|x86.ActiveCfg = Release|Any CPU
		{62EE9B37-D99A-4AC0-898A-EC822268467C}.Release|x86.Build.0 = Release|Any CPU
		{9B75CED2-3FFA-4E40-9B7E-B8EB364D7008}.Debug|Any CPU.ActiveCfg = Debug|Any CPU
		{9B75CED2-3FFA-4E40-9B7E-B8EB364D7008}.Debug|Any CPU.Build.0 = Debug|Any CPU
		{9B75CED2-3FFA-4E40-9B7E-B8EB364D7008}.Debug|x86.ActiveCfg = Debug|Any CPU
		{9B75CED2-3FFA-4E40-9B7E-B8EB364D7008}.Debug|x86.Build.0 = Debug|Any CPU
		{9B75CED2-3FFA-4E40-9B7E-B8EB364D7008}.Release|Any CPU.ActiveCfg = Release|Any CPU
		{9B75CED2-3FFA-4E40-9B7E-B8EB364D7008}.Release|Any CPU.Build.0 = Release|Any CPU
		{9B75CED2-3FFA-4E40-9B7E-B8EB364D7008}.Release|x86.ActiveCfg = Release|Any CPU
		{9B75CED2-3FFA-4E40-9B7E-B8EB364D7008}.Release|x86.Build.0 = Release|Any CPU
		{7C470E97-D17B-41A2-B1E2-9EC665300E36}.Debug|Any CPU.ActiveCfg = Debug|Any CPU
		{7C470E97-D17B-41A2-B1E2-9EC665300E36}.Debug|Any CPU.Build.0 = Debug|Any CPU
		{7C470E97-D17B-41A2-B1E2-9EC665300E36}.Debug|x86.ActiveCfg = Debug|Any CPU
		{7C470E97-D17B-41A2-B1E2-9EC665300E36}.Debug|x86.Build.0 = Debug|Any CPU
		{7C470E97-D17B-41A2-B1E2-9EC665300E36}.Release|Any CPU.ActiveCfg = Release|Any CPU
		{7C470E97-D17B-41A2-B1E2-9EC665300E36}.Release|Any CPU.Build.0 = Release|Any CPU
		{7C470E97-D17B-41A2-B1E2-9EC665300E36}.Release|x86.ActiveCfg = Release|Any CPU
		{7C470E97-D17B-41A2-B1E2-9EC665300E36}.Release|x86.Build.0 = Release|Any CPU
		{461DDAB2-0B76-460D-9F3E-041CB88DF974}.Debug|Any CPU.ActiveCfg = Debug|Any CPU
		{461DDAB2-0B76-460D-9F3E-041CB88DF974}.Debug|Any CPU.Build.0 = Debug|Any CPU
		{461DDAB2-0B76-460D-9F3E-041CB88DF974}.Debug|x86.ActiveCfg = Debug|Any CPU
		{461DDAB2-0B76-460D-9F3E-041CB88DF974}.Debug|x86.Build.0 = Debug|Any CPU
		{461DDAB2-0B76-460D-9F3E-041CB88DF974}.Release|Any CPU.ActiveCfg = Release|Any CPU
		{461DDAB2-0B76-460D-9F3E-041CB88DF974}.Release|Any CPU.Build.0 = Release|Any CPU
		{461DDAB2-0B76-460D-9F3E-041CB88DF974}.Release|x86.ActiveCfg = Release|Any CPU
		{461DDAB2-0B76-460D-9F3E-041CB88DF974}.Release|x86.Build.0 = Release|Any CPU
		{205BC85E-79EB-45ED-A861-ADC5CEBDF140}.Debug|Any CPU.ActiveCfg = Debug|Any CPU
		{205BC85E-79EB-45ED-A861-ADC5CEBDF140}.Debug|Any CPU.Build.0 = Debug|Any CPU
		{205BC85E-79EB-45ED-A861-ADC5CEBDF140}.Debug|x86.ActiveCfg = Debug|Any CPU
		{205BC85E-79EB-45ED-A861-ADC5CEBDF140}.Debug|x86.Build.0 = Debug|Any CPU
		{205BC85E-79EB-45ED-A861-ADC5CEBDF140}.Release|Any CPU.ActiveCfg = Release|Any CPU
		{205BC85E-79EB-45ED-A861-ADC5CEBDF140}.Release|Any CPU.Build.0 = Release|Any CPU
		{205BC85E-79EB-45ED-A861-ADC5CEBDF140}.Release|x86.ActiveCfg = Release|Any CPU
		{205BC85E-79EB-45ED-A861-ADC5CEBDF140}.Release|x86.Build.0 = Release|Any CPU
	EndGlobalSection
	GlobalSection(SolutionProperties) = preSolution
		HideSolutionNode = FALSE
	EndGlobalSection
	GlobalSection(NestedProjects) = preSolution
		{5875AECD-549F-4209-95ED-A95DF4F0FB21} = {94BCBA4B-1D51-406B-BA90-63E42F7629A2}
		{EC5ECF36-4F4C-45E2-A446-B331AC8126D5} = {94BCBA4B-1D51-406B-BA90-63E42F7629A2}
		{9AD79B6E-B90B-435B-A7DF-1B01C4D563DF} = {94BCBA4B-1D51-406B-BA90-63E42F7629A2}
		{49ADFDB8-D7A2-40D7-8A22-DA540F2E8237} = {94BCBA4B-1D51-406B-BA90-63E42F7629A2}
		{D14BED47-FF47-49F4-B15E-E28E4607B757} = {94BCBA4B-1D51-406B-BA90-63E42F7629A2}
		{4B733F56-A202-4813-9494-53B048FE07B6} = {94BCBA4B-1D51-406B-BA90-63E42F7629A2}
		{62EE9B37-D99A-4AC0-898A-EC822268467C} = {94BCBA4B-1D51-406B-BA90-63E42F7629A2}
		{9B75CED2-3FFA-4E40-9B7E-B8EB364D7008} = {94BCBA4B-1D51-406B-BA90-63E42F7629A2}
		{7C470E97-D17B-41A2-B1E2-9EC665300E36} = {94BCBA4B-1D51-406B-BA90-63E42F7629A2}
		{461DDAB2-0B76-460D-9F3E-041CB88DF974} = {27EDD51D-A5F3-430F-80B1-49B13F450C89}
		{205BC85E-79EB-45ED-A861-ADC5CEBDF140} = {94BCBA4B-1D51-406B-BA90-63E42F7629A2}
	EndGlobalSection
	GlobalSection(ExtensibilityGlobals) = postSolution
		SolutionGuid = {0DCB5607-5776-4BEB-B267-E06C84312C9F}
	EndGlobalSection
EndGlobal
