
Microsoft Visual Studio Solution File, Format Version 12.00
# Visual Studio Version 17
VisualStudioVersion = 17.3.32901.215
MinimumVisualStudioVersion = 10.0.40219.1
Project("{2150E333-8FDC-42A3-9474-1A3956D46DE8}") = "Shared", "Shared", "{27EDD51D-A5F3-430F-80B1-49B13F450C89}"
EndProject
Project("{9A19103F-16F7-4668-BE54-9A1E7A4F7556}") = "IsWiXAutomationInterface", "Shared\IsWiXAutomationInterface\IsWiXAutomationInterface.csproj", "{D9C2878A-0F19-43E3-9947-87D7574F7FC9}"
EndProject
Project("{9A19103F-16F7-4668-BE54-9A1E7A4F7556}") = "IsWiX", "IsWiX\IsWiX.csproj", "{1A24E551-0AD1-4A52-AB68-052ECC79AEFB}"
EndProject
Project("{2150E333-8FDC-42A3-9474-1A3956D46DE8}") = "Designers", "Designers", "{21D725A6-3BF4-470B-86AE-E9EBA852D064}"
EndProject
Project("{9A19103F-16F7-4668-BE54-9A1E7A4F7556}") = "AppXDesigner", "Designers\AppXDesigner\AppXDesigner.csproj", "{F415A4F5-0BD6-44F9-BB04-E23067863330}"
EndProject
Project("{9A19103F-16F7-4668-BE54-9A1E7A4F7556}") = "CustomTablesDesigner", "Designers\CustomTablesDesigner\CustomTablesDesigner.csproj", "{4A5FE8AD-7B43-42D9-975F-526C4749A51B}"
EndProject
Project("{9A19103F-16F7-4668-BE54-9A1E7A4F7556}") = "FeaturesDesigner", "Designers\FeaturesDesigner\FeaturesDesigner.csproj", "{3C3352DA-D3EB-4A5F-A82C-A74F02E45EC1}"
EndProject
Project("{9A19103F-16F7-4668-BE54-9A1E7A4F7556}") = "GeneralInformationDesigner", "Designers\GeneralInformationDesigner\GeneralInformationDesigner.csproj", "{2B860D0C-B73A-4523-B595-2930C67422D3}"
EndProject
Project("{9A19103F-16F7-4668-BE54-9A1E7A4F7556}") = "MSIXDesigner", "Designers\MSIXDesigner\MSIXDesigner.csproj", "{EB9EE2D6-440F-4958-B54D-0BD52FD9EC6F}"
EndProject
Project("{9A19103F-16F7-4668-BE54-9A1E7A4F7556}") = "NamespacesDesigner", "Designers\NamespacesDesigner\NamespacesDesigner.csproj", "{820839D2-23C6-4C3A-9A52-30DF4894AE9F}"
EndProject
Project("{9A19103F-16F7-4668-BE54-9A1E7A4F7556}") = "PropertiesDesigner", "Designers\PropertiesDesigner\PropertiesDesigner.csproj", "{1AC563BD-EC17-45A5-B1EF-BCED20274358}"
EndProject
Project("{9A19103F-16F7-4668-BE54-9A1E7A4F7556}") = "ServicesDesigner", "Designers\ServicesDesigner\ServicesDesigner.csproj", "{88A4FA96-C2C8-4C4E-B9A4-E2D535BEA967}"
EndProject
Project("{9A19103F-16F7-4668-BE54-9A1E7A4F7556}") = "ShortCutsDesigner", "Designers\ShortCutsDesigner\ShortCutsDesigner.csproj", "{48B4BC49-6C58-4E15-BD69-12B032EE06E5}"
EndProject
Project("{FAE04EC0-301F-11D3-BF4B-00C04F79EFBC}") = "FilesAndFoldersDesigner", "Designers\FilesAndFoldersDesigner\FilesAndFoldersDesigner.csproj", "{D8312F3E-EC88-4F29-824B-076E01DFBC5B}"
EndProject
Global
	GlobalSection(SolutionConfigurationPlatforms) = preSolution
		Debug|Any CPU = Debug|Any CPU
		Debug|x86 = Debug|x86
		Release|Any CPU = Release|Any CPU
		Release|x86 = Release|x86
	EndGlobalSection
	GlobalSection(ProjectConfigurationPlatforms) = postSolution
		{D9C2878A-0F19-43E3-9947-87D7574F7FC9}.Debug|Any CPU.ActiveCfg = Debug|Any CPU
		{D9C2878A-0F19-43E3-9947-87D7574F7FC9}.Debug|Any CPU.Build.0 = Debug|Any CPU
		{D9C2878A-0F19-43E3-9947-87D7574F7FC9}.Debug|x86.ActiveCfg = Debug|Any CPU
		{D9C2878A-0F19-43E3-9947-87D7574F7FC9}.Debug|x86.Build.0 = Debug|Any CPU
		{D9C2878A-0F19-43E3-9947-87D7574F7FC9}.Release|Any CPU.ActiveCfg = Release|Any CPU
		{D9C2878A-0F19-43E3-9947-87D7574F7FC9}.Release|Any CPU.Build.0 = Release|Any CPU
		{D9C2878A-0F19-43E3-9947-87D7574F7FC9}.Release|x86.ActiveCfg = Release|Any CPU
		{D9C2878A-0F19-43E3-9947-87D7574F7FC9}.Release|x86.Build.0 = Release|Any CPU
		{1A24E551-0AD1-4A52-AB68-052ECC79AEFB}.Debug|Any CPU.ActiveCfg = Debug|Any CPU
		{1A24E551-0AD1-4A52-AB68-052ECC79AEFB}.Debug|Any CPU.Build.0 = Debug|Any CPU
		{1A24E551-0AD1-4A52-AB68-052ECC79AEFB}.Debug|x86.ActiveCfg = Debug|Any CPU
		{1A24E551-0AD1-4A52-AB68-052ECC79AEFB}.Debug|x86.Build.0 = Debug|Any CPU
		{1A24E551-0AD1-4A52-AB68-052ECC79AEFB}.Release|Any CPU.ActiveCfg = Release|Any CPU
		{1A24E551-0AD1-4A52-AB68-052ECC79AEFB}.Release|Any CPU.Build.0 = Release|Any CPU
		{1A24E551-0AD1-4A52-AB68-052ECC79AEFB}.Release|x86.ActiveCfg = Release|Any CPU
		{1A24E551-0AD1-4A52-AB68-052ECC79AEFB}.Release|x86.Build.0 = Release|Any CPU
		{F415A4F5-0BD6-44F9-BB04-E23067863330}.Debug|Any CPU.ActiveCfg = Debug|Any CPU
		{F415A4F5-0BD6-44F9-BB04-E23067863330}.Debug|Any CPU.Build.0 = Debug|Any CPU
		{F415A4F5-0BD6-44F9-BB04-E23067863330}.Debug|x86.ActiveCfg = Debug|Any CPU
		{F415A4F5-0BD6-44F9-BB04-E23067863330}.Debug|x86.Build.0 = Debug|Any CPU
		{F415A4F5-0BD6-44F9-BB04-E23067863330}.Release|Any CPU.ActiveCfg = Release|Any CPU
		{F415A4F5-0BD6-44F9-BB04-E23067863330}.Release|Any CPU.Build.0 = Release|Any CPU
		{F415A4F5-0BD6-44F9-BB04-E23067863330}.Release|x86.ActiveCfg = Release|Any CPU
		{F415A4F5-0BD6-44F9-BB04-E23067863330}.Release|x86.Build.0 = Release|Any CPU
		{4A5FE8AD-7B43-42D9-975F-526C4749A51B}.Debug|Any CPU.ActiveCfg = Debug|Any CPU
		{4A5FE8AD-7B43-42D9-975F-526C4749A51B}.Debug|Any CPU.Build.0 = Debug|Any CPU
		{4A5FE8AD-7B43-42D9-975F-526C4749A51B}.Debug|x86.ActiveCfg = Debug|Any CPU
		{4A5FE8AD-7B43-42D9-975F-526C4749A51B}.Debug|x86.Build.0 = Debug|Any CPU
		{4A5FE8AD-7B43-42D9-975F-526C4749A51B}.Release|Any CPU.ActiveCfg = Release|Any CPU
		{4A5FE8AD-7B43-42D9-975F-526C4749A51B}.Release|Any CPU.Build.0 = Release|Any CPU
		{4A5FE8AD-7B43-42D9-975F-526C4749A51B}.Release|x86.ActiveCfg = Release|Any CPU
		{4A5FE8AD-7B43-42D9-975F-526C4749A51B}.Release|x86.Build.0 = Release|Any CPU
		{3C3352DA-D3EB-4A5F-A82C-A74F02E45EC1}.Debug|Any CPU.ActiveCfg = Debug|Any CPU
		{3C3352DA-D3EB-4A5F-A82C-A74F02E45EC1}.Debug|Any CPU.Build.0 = Debug|Any CPU
		{3C3352DA-D3EB-4A5F-A82C-A74F02E45EC1}.Debug|x86.ActiveCfg = Debug|Any CPU
		{3C3352DA-D3EB-4A5F-A82C-A74F02E45EC1}.Debug|x86.Build.0 = Debug|Any CPU
		{3C3352DA-D3EB-4A5F-A82C-A74F02E45EC1}.Release|Any CPU.ActiveCfg = Release|Any CPU
		{3C3352DA-D3EB-4A5F-A82C-A74F02E45EC1}.Release|Any CPU.Build.0 = Release|Any CPU
		{3C3352DA-D3EB-4A5F-A82C-A74F02E45EC1}.Release|x86.ActiveCfg = Release|Any CPU
		{3C3352DA-D3EB-4A5F-A82C-A74F02E45EC1}.Release|x86.Build.0 = Release|Any CPU
		{2B860D0C-B73A-4523-B595-2930C67422D3}.Debug|Any CPU.ActiveCfg = Debug|Any CPU
		{2B860D0C-B73A-4523-B595-2930C67422D3}.Debug|Any CPU.Build.0 = Debug|Any CPU
		{2B860D0C-B73A-4523-B595-2930C67422D3}.Debug|x86.ActiveCfg = Debug|Any CPU
		{2B860D0C-B73A-4523-B595-2930C67422D3}.Debug|x86.Build.0 = Debug|Any CPU
		{2B860D0C-B73A-4523-B595-2930C67422D3}.Release|Any CPU.ActiveCfg = Release|Any CPU
		{2B860D0C-B73A-4523-B595-2930C67422D3}.Release|Any CPU.Build.0 = Release|Any CPU
		{2B860D0C-B73A-4523-B595-2930C67422D3}.Release|x86.ActiveCfg = Release|Any CPU
		{2B860D0C-B73A-4523-B595-2930C67422D3}.Release|x86.Build.0 = Release|Any CPU
		{EB9EE2D6-440F-4958-B54D-0BD52FD9EC6F}.Debug|Any CPU.ActiveCfg = Debug|Any CPU
		{EB9EE2D6-440F-4958-B54D-0BD52FD9EC6F}.Debug|Any CPU.Build.0 = Debug|Any CPU
		{EB9EE2D6-440F-4958-B54D-0BD52FD9EC6F}.Debug|x86.ActiveCfg = Debug|Any CPU
		{EB9EE2D6-440F-4958-B54D-0BD52FD9EC6F}.Debug|x86.Build.0 = Debug|Any CPU
		{EB9EE2D6-440F-4958-B54D-0BD52FD9EC6F}.Release|Any CPU.ActiveCfg = Release|Any CPU
		{EB9EE2D6-440F-4958-B54D-0BD52FD9EC6F}.Release|Any CPU.Build.0 = Release|Any CPU
		{EB9EE2D6-440F-4958-B54D-0BD52FD9EC6F}.Release|x86.ActiveCfg = Release|Any CPU
		{EB9EE2D6-440F-4958-B54D-0BD52FD9EC6F}.Release|x86.Build.0 = Release|Any CPU
		{820839D2-23C6-4C3A-9A52-30DF4894AE9F}.Debug|Any CPU.ActiveCfg = Debug|Any CPU
		{820839D2-23C6-4C3A-9A52-30DF4894AE9F}.Debug|Any CPU.Build.0 = Debug|Any CPU
		{820839D2-23C6-4C3A-9A52-30DF4894AE9F}.Debug|x86.ActiveCfg = Debug|Any CPU
		{820839D2-23C6-4C3A-9A52-30DF4894AE9F}.Debug|x86.Build.0 = Debug|Any CPU
		{820839D2-23C6-4C3A-9A52-30DF4894AE9F}.Release|Any CPU.ActiveCfg = Release|Any CPU
		{820839D2-23C6-4C3A-9A52-30DF4894AE9F}.Release|Any CPU.Build.0 = Release|Any CPU
		{820839D2-23C6-4C3A-9A52-30DF4894AE9F}.Release|x86.ActiveCfg = Release|Any CPU
		{820839D2-23C6-4C3A-9A52-30DF4894AE9F}.Release|x86.Build.0 = Release|Any CPU
		{1AC563BD-EC17-45A5-B1EF-BCED20274358}.Debug|Any CPU.ActiveCfg = Debug|Any CPU
		{1AC563BD-EC17-45A5-B1EF-BCED20274358}.Debug|Any CPU.Build.0 = Debug|Any CPU
		{1AC563BD-EC17-45A5-B1EF-BCED20274358}.Debug|x86.ActiveCfg = Debug|Any CPU
		{1AC563BD-EC17-45A5-B1EF-BCED20274358}.Debug|x86.Build.0 = Debug|Any CPU
		{1AC563BD-EC17-45A5-B1EF-BCED20274358}.Release|Any CPU.ActiveCfg = Release|Any CPU
		{1AC563BD-EC17-45A5-B1EF-BCED20274358}.Release|Any CPU.Build.0 = Release|Any CPU
		{1AC563BD-EC17-45A5-B1EF-BCED20274358}.Release|x86.ActiveCfg = Release|Any CPU
		{1AC563BD-EC17-45A5-B1EF-BCED20274358}.Release|x86.Build.0 = Release|Any CPU
		{88A4FA96-C2C8-4C4E-B9A4-E2D535BEA967}.Debug|Any CPU.ActiveCfg = Debug|Any CPU
		{88A4FA96-C2C8-4C4E-B9A4-E2D535BEA967}.Debug|Any CPU.Build.0 = Debug|Any CPU
		{88A4FA96-C2C8-4C4E-B9A4-E2D535BEA967}.Debug|x86.ActiveCfg = Debug|Any CPU
		{88A4FA96-C2C8-4C4E-B9A4-E2D535BEA967}.Debug|x86.Build.0 = Debug|Any CPU
		{88A4FA96-C2C8-4C4E-B9A4-E2D535BEA967}.Release|Any CPU.ActiveCfg = Release|Any CPU
		{88A4FA96-C2C8-4C4E-B9A4-E2D535BEA967}.Release|Any CPU.Build.0 = Release|Any CPU
		{88A4FA96-C2C8-4C4E-B9A4-E2D535BEA967}.Release|x86.ActiveCfg = Release|Any CPU
		{88A4FA96-C2C8-4C4E-B9A4-E2D535BEA967}.Release|x86.Build.0 = Release|Any CPU
		{48B4BC49-6C58-4E15-BD69-12B032EE06E5}.Debug|Any CPU.ActiveCfg = Debug|Any CPU
		{48B4BC49-6C58-4E15-BD69-12B032EE06E5}.Debug|Any CPU.Build.0 = Debug|Any CPU
		{48B4BC49-6C58-4E15-BD69-12B032EE06E5}.Debug|x86.ActiveCfg = Debug|Any CPU
		{48B4BC49-6C58-4E15-BD69-12B032EE06E5}.Debug|x86.Build.0 = Debug|Any CPU
		{48B4BC49-6C58-4E15-BD69-12B032EE06E5}.Release|Any CPU.ActiveCfg = Release|Any CPU
		{48B4BC49-6C58-4E15-BD69-12B032EE06E5}.Release|Any CPU.Build.0 = Release|Any CPU
		{48B4BC49-6C58-4E15-BD69-12B032EE06E5}.Release|x86.ActiveCfg = Release|Any CPU
		{48B4BC49-6C58-4E15-BD69-12B032EE06E5}.Release|x86.Build.0 = Release|Any CPU
		{D8312F3E-EC88-4F29-824B-076E01DFBC5B}.Debug|Any CPU.ActiveCfg = Debug|Any CPU
		{D8312F3E-EC88-4F29-824B-076E01DFBC5B}.Debug|Any CPU.Build.0 = Debug|Any CPU
		{D8312F3E-EC88-4F29-824B-076E01DFBC5B}.Debug|x86.ActiveCfg = Debug|Any CPU
		{D8312F3E-EC88-4F29-824B-076E01DFBC5B}.Debug|x86.Build.0 = Debug|Any CPU
		{D8312F3E-EC88-4F29-824B-076E01DFBC5B}.Release|Any CPU.ActiveCfg = Release|Any CPU
		{D8312F3E-EC88-4F29-824B-076E01DFBC5B}.Release|Any CPU.Build.0 = Release|Any CPU
		{D8312F3E-EC88-4F29-824B-076E01DFBC5B}.Release|x86.ActiveCfg = Release|Any CPU
		{D8312F3E-EC88-4F29-824B-076E01DFBC5B}.Release|x86.Build.0 = Release|Any CPU
	EndGlobalSection
	GlobalSection(SolutionProperties) = preSolution
		HideSolutionNode = FALSE
	EndGlobalSection
	GlobalSection(NestedProjects) = preSolution
		{D9C2878A-0F19-43E3-9947-87D7574F7FC9} = {27EDD51D-A5F3-430F-80B1-49B13F450C89}
		{F415A4F5-0BD6-44F9-BB04-E23067863330} = {21D725A6-3BF4-470B-86AE-E9EBA852D064}
		{4A5FE8AD-7B43-42D9-975F-526C4749A51B} = {21D725A6-3BF4-470B-86AE-E9EBA852D064}
		{3C3352DA-D3EB-4A5F-A82C-A74F02E45EC1} = {21D725A6-3BF4-470B-86AE-E9EBA852D064}
		{2B860D0C-B73A-4523-B595-2930C67422D3} = {21D725A6-3BF4-470B-86AE-E9EBA852D064}
		{EB9EE2D6-440F-4958-B54D-0BD52FD9EC6F} = {21D725A6-3BF4-470B-86AE-E9EBA852D064}
		{820839D2-23C6-4C3A-9A52-30DF4894AE9F} = {21D725A6-3BF4-470B-86AE-E9EBA852D064}
		{1AC563BD-EC17-45A5-B1EF-BCED20274358} = {21D725A6-3BF4-470B-86AE-E9EBA852D064}
		{88A4FA96-C2C8-4C4E-B9A4-E2D535BEA967} = {21D725A6-3BF4-470B-86AE-E9EBA852D064}
		{48B4BC49-6C58-4E15-BD69-12B032EE06E5} = {21D725A6-3BF4-470B-86AE-E9EBA852D064}
		{D8312F3E-EC88-4F29-824B-076E01DFBC5B} = {21D725A6-3BF4-470B-86AE-E9EBA852D064}
	EndGlobalSection
	GlobalSection(ExtensibilityGlobals) = postSolution
		SolutionGuid = {0DCB5607-5776-4BEB-B267-E06C84312C9F}
	EndGlobalSection
EndGlobal
