
Microsoft Visual Studio Solution File, Format Version 12.00
# Visual Studio Version 18
VisualStudioVersion = 18.0.11222.15
MinimumVisualStudioVersion = 10.0.40219.1
Project("{FAE04EC0-301F-11D3-BF4B-00C04F79EFBC}") = "IsWiX", "IsWiX\IsWiX.csproj", "{88FAFF22-7215-F178-2016-7ABA9FB46355}"
EndProject
Global
	GlobalSection(SolutionConfigurationPlatforms) = preSolution
		Debug|Any CPU = Debug|Any CPU
		Release|Any CPU = Release|Any CPU
	EndGlobalSection
	GlobalSection(ProjectConfigurationPlatforms) = postSolution
		{88FAFF22-7215-F178-2016-7ABA9FB46355}.Debug|Any CPU.ActiveCfg = Debug|Any CPU
		{88FAFF22-7215-F178-2016-7ABA9FB46355}.Debug|Any CPU.Build.0 = Debug|Any CPU
		{88FAFF22-7215-F178-2016-7ABA9FB46355}.Release|Any CPU.ActiveCfg = Release|Any CPU
		{88FAFF22-7215-F178-2016-7ABA9FB46355}.Release|Any CPU.Build.0 = Release|Any CPU
	EndGlobalSection
	GlobalSection(SolutionProperties) = preSolution
		HideSolutionNode = FALSE
	EndGlobalSection
	GlobalSection(ExtensibilityGlobals) = postSolution
		SolutionGuid = {EEFD51C6-503D-4457-9008-9B77AB42949A}
	EndGlobalSection
EndGlobal
