
Microsoft Visual Studio Solution File, Format Version 12.00
# Visual Studio Version 18
VisualStudioVersion = 18.0.11222.15
MinimumVisualStudioVersion = 10.0.40219.1
Project("{FAE04EC0-301F-11D3-BF4B-00C04F79EFBC}") = "IsWiX", "IsWiX\IsWiX.csproj", "{88FAFF22-7215-F178-2016-7ABA9FB46355}"
EndProject
Project("{2150E333-8FDC-42A3-9474-1A3956D46DE8}") = "Designers", "Designers", "{B864A755-B934-4093-A746-0D473CED4F3E}"
EndProject
Project("{2150E333-8FDC-42A3-9474-1A3956D46DE8}") = "Shared", "Shared", "{C2B72DB0-483B-4372-84EA-81714235EC54}"
EndProject
Project("{FAE04EC0-301F-11D3-BF4B-00C04F79EFBC}") = "FireworksFramework", "Shared\FireworksFramework\FireworksFramework.csproj", "{8515E7DA-6F60-6FA9-8AFC-12A47740490A}"
EndProject
Project("{FAE04EC0-301F-11D3-BF4B-00C04F79EFBC}") = "IsWiXAutomationInterface", "Shared\IsWiXAutomationInterface\IsWiXAutomationInterface.csproj", "{DD05D1CC-F0F9-6118-D192-94D523AD65D0}"
EndProject
Project("{FAE04EC0-301F-11D3-BF4B-00C04F79EFBC}") = "NewFilesAndFoldersDesigner", "Designers\NewFilesAndFoldersDesigner\NewFilesAndFoldersDesigner.csproj", "{33ADA147-C6E8-DB04-81D6-7A8467403CDA}"
EndProject
Project("{FAE04EC0-301F-11D3-BF4B-00C04F79EFBC}") = "ShortCutsDesigner", "Designers\ShortCutsDesigner\ShortCutsDesigner.csproj", "{B52265E4-FC60-E7CF-9517-0D91BCC0F60C}"
EndProject
Project("{FAE04EC0-301F-11D3-BF4B-00C04F79EFBC}") = "CustomTablesDesigner", "Designers\CustomTablesDesigner\CustomTablesDesigner.csproj", "{4DF18E60-A8AB-4E3D-9A95-D5771B52EBFF}"
EndProject
Project("{FAE04EC0-301F-11D3-BF4B-00C04F79EFBC}") = "FeaturesDesigner", "Designers\FeaturesDesigner\FeaturesDesigner.csproj", "{F259D023-B78E-B053-10D7-6F12BBC649CC}"
EndProject
Project("{FAE04EC0-301F-11D3-BF4B-00C04F79EFBC}") = "FilesAndFoldersDesigner", "Designers\FilesAndFoldersDesigner\FilesAndFoldersDesigner.csproj", "{06A3809B-6565-7BB6-9C90-83B6617F6A7E}"
EndProject
Project("{FAE04EC0-301F-11D3-BF4B-00C04F79EFBC}") = "GeneralInformationDesigner", "Designers\GeneralInformationDesigner\GeneralInformationDesigner.csproj", "{4FC954C8-C8B7-BB5F-A23B-70C10F7E33FD}"
EndProject
Project("{FAE04EC0-301F-11D3-BF4B-00C04F79EFBC}") = "ServicesDesigner", "Designers\ServicesDesigner\ServicesDesigner.csproj", "{42D68C5D-7B96-4D98-95F5-21228C47F288}"
EndProject
Project("{FAE04EC0-301F-11D3-BF4B-00C04F79EFBC}") = "PropertiesDesigner", "Designers\PropertiesDesigner\PropertiesDesigner.csproj", "{DB9516EA-70B8-E918-D38D-6272B44A0A0E}"
EndProject
Project("{FAE04EC0-301F-11D3-BF4B-00C04F79EFBC}") = "NamespacesDesigner", "Designers\NamespacesDesigner\NamespacesDesigner.csproj", "{641230F3-6F40-F77C-B886-13657133DE87}"
EndProject
Project("{FAE04EC0-301F-11D3-BF4B-00C04F79EFBC}") = "NewFeaturesDesigner", "Designers\NewFeaturesDesigner\NewFeaturesDesigner.csproj", "{FFBC9A16-7136-3DBE-0037-66C9CC38DE89}"
EndProject
Global
	GlobalSection(SolutionConfigurationPlatforms) = preSolution
		Debug|Any CPU = Debug|Any CPU
		Release|Any CPU = Release|Any CPU
	EndGlobalSection
	GlobalSection(ProjectConfigurationPlatforms) = postSolution
		{88FAFF22-7215-F178-2016-7ABA9FB46355}.Debug|Any CPU.ActiveCfg = Debug|Any CPU
		{88FAFF22-7215-F178-2016-7ABA9FB46355}.Debug|Any CPU.Build.0 = Debug|Any CPU
		{88FAFF22-7215-F178-2016-7ABA9FB46355}.Release|Any CPU.ActiveCfg = Release|Any CPU
		{88FAFF22-7215-F178-2016-7ABA9FB46355}.Release|Any CPU.Build.0 = Release|Any CPU
		{8515E7DA-6F60-6FA9-8AFC-12A47740490A}.Debug|Any CPU.ActiveCfg = Debug|Any CPU
		{8515E7DA-6F60-6FA9-8AFC-12A47740490A}.Debug|Any CPU.Build.0 = Debug|Any CPU
		{8515E7DA-6F60-6FA9-8AFC-12A47740490A}.Release|Any CPU.ActiveCfg = Release|Any CPU
		{8515E7DA-6F60-6FA9-8AFC-12A47740490A}.Release|Any CPU.Build.0 = Release|Any CPU
		{DD05D1CC-F0F9-6118-D192-94D523AD65D0}.Debug|Any CPU.ActiveCfg = Debug|Any CPU
		{DD05D1CC-F0F9-6118-D192-94D523AD65D0}.Debug|Any CPU.Build.0 = Debug|Any CPU
		{DD05D1CC-F0F9-6118-D192-94D523AD65D0}.Release|Any CPU.ActiveCfg = Release|Any CPU
		{DD05D1CC-F0F9-6118-D192-94D523AD65D0}.Release|Any CPU.Build.0 = Release|Any CPU
		{33ADA147-C6E8-DB04-81D6-7A8467403CDA}.Debug|Any CPU.ActiveCfg = Debug|Any CPU
		{33ADA147-C6E8-DB04-81D6-7A8467403CDA}.Debug|Any CPU.Build.0 = Debug|Any CPU
		{33ADA147-C6E8-DB04-81D6-7A8467403CDA}.Release|Any CPU.ActiveCfg = Release|Any CPU
		{33ADA147-C6E8-DB04-81D6-7A8467403CDA}.Release|Any CPU.Build.0 = Release|Any CPU
		{B52265E4-FC60-E7CF-9517-0D91BCC0F60C}.Debug|Any CPU.ActiveCfg = Debug|Any CPU
		{B52265E4-FC60-E7CF-9517-0D91BCC0F60C}.Debug|Any CPU.Build.0 = Debug|Any CPU
		{B52265E4-FC60-E7CF-9517-0D91BCC0F60C}.Release|Any CPU.ActiveCfg = Release|Any CPU
		{B52265E4-FC60-E7CF-9517-0D91BCC0F60C}.Release|Any CPU.Build.0 = Release|Any CPU
		{4DF18E60-A8AB-4E3D-9A95-D5771B52EBFF}.Debug|Any CPU.ActiveCfg = Debug|Any CPU
		{4DF18E60-A8AB-4E3D-9A95-D5771B52EBFF}.Debug|Any CPU.Build.0 = Debug|Any CPU
		{4DF18E60-A8AB-4E3D-9A95-D5771B52EBFF}.Release|Any CPU.ActiveCfg = Release|Any CPU
		{4DF18E60-A8AB-4E3D-9A95-D5771B52EBFF}.Release|Any CPU.Build.0 = Release|Any CPU
		{F259D023-B78E-B053-10D7-6F12BBC649CC}.Debug|Any CPU.ActiveCfg = Debug|Any CPU
		{F259D023-B78E-B053-10D7-6F12BBC649CC}.Debug|Any CPU.Build.0 = Debug|Any CPU
		{F259D023-B78E-B053-10D7-6F12BBC649CC}.Release|Any CPU.ActiveCfg = Release|Any CPU
		{F259D023-B78E-B053-10D7-6F12BBC649CC}.Release|Any CPU.Build.0 = Release|Any CPU
		{06A3809B-6565-7BB6-9C90-83B6617F6A7E}.Debug|Any CPU.ActiveCfg = Debug|Any CPU
		{06A3809B-6565-7BB6-9C90-83B6617F6A7E}.Debug|Any CPU.Build.0 = Debug|Any CPU
		{06A3809B-6565-7BB6-9C90-83B6617F6A7E}.Release|Any CPU.ActiveCfg = Release|Any CPU
		{06A3809B-6565-7BB6-9C90-83B6617F6A7E}.Release|Any CPU.Build.0 = Release|Any CPU
		{4FC954C8-C8B7-BB5F-A23B-70C10F7E33FD}.Debug|Any CPU.ActiveCfg = Debug|Any CPU
		{4FC954C8-C8B7-BB5F-A23B-70C10F7E33FD}.Debug|Any CPU.Build.0 = Debug|Any CPU
		{4FC954C8-C8B7-BB5F-A23B-70C10F7E33FD}.Release|Any CPU.ActiveCfg = Release|Any CPU
		{4FC954C8-C8B7-BB5F-A23B-70C10F7E33FD}.Release|Any CPU.Build.0 = Release|Any CPU
		{42D68C5D-7B96-4D98-95F5-21228C47F288}.Debug|Any CPU.ActiveCfg = Debug|Any CPU
		{42D68C5D-7B96-4D98-95F5-21228C47F288}.Debug|Any CPU.Build.0 = Debug|Any CPU
		{42D68C5D-7B96-4D98-95F5-21228C47F288}.Release|Any CPU.ActiveCfg = Release|Any CPU
		{42D68C5D-7B96-4D98-95F5-21228C47F288}.Release|Any CPU.Build.0 = Release|Any CPU
		{DB9516EA-70B8-E918-D38D-6272B44A0A0E}.Debug|Any CPU.ActiveCfg = Debug|Any CPU
		{DB9516EA-70B8-E918-D38D-6272B44A0A0E}.Debug|Any CPU.Build.0 = Debug|Any CPU
		{DB9516EA-70B8-E918-D38D-6272B44A0A0E}.Release|Any CPU.ActiveCfg = Release|Any CPU
		{DB9516EA-70B8-E918-D38D-6272B44A0A0E}.Release|Any CPU.Build.0 = Release|Any CPU
		{641230F3-6F40-F77C-B886-13657133DE87}.Debug|Any CPU.ActiveCfg = Debug|Any CPU
		{641230F3-6F40-F77C-B886-13657133DE87}.Debug|Any CPU.Build.0 = Debug|Any CPU
		{641230F3-6F40-F77C-B886-13657133DE87}.Release|Any CPU.ActiveCfg = Release|Any CPU
		{641230F3-6F40-F77C-B886-13657133DE87}.Release|Any CPU.Build.0 = Release|Any CPU
		{FFBC9A16-7136-3DBE-0037-66C9CC38DE89}.Debug|Any CPU.ActiveCfg = Debug|Any CPU
		{FFBC9A16-7136-3DBE-0037-66C9CC38DE89}.Debug|Any CPU.Build.0 = Debug|Any CPU
		{FFBC9A16-7136-3DBE-0037-66C9CC38DE89}.Release|Any CPU.ActiveCfg = Release|Any CPU
		{FFBC9A16-7136-3DBE-0037-66C9CC38DE89}.Release|Any CPU.Build.0 = Release|Any CPU
	EndGlobalSection
	GlobalSection(SolutionProperties) = preSolution
		HideSolutionNode = FALSE
	EndGlobalSection
	GlobalSection(NestedProjects) = preSolution
		{8515E7DA-6F60-6FA9-8AFC-12A47740490A} = {C2B72DB0-483B-4372-84EA-81714235EC54}
		{DD05D1CC-F0F9-6118-D192-94D523AD65D0} = {C2B72DB0-483B-4372-84EA-81714235EC54}
		{33ADA147-C6E8-DB04-81D6-7A8467403CDA} = {B864A755-B934-4093-A746-0D473CED4F3E}
		{B52265E4-FC60-E7CF-9517-0D91BCC0F60C} = {B864A755-B934-4093-A746-0D473CED4F3E}
		{4DF18E60-A8AB-4E3D-9A95-D5771B52EBFF} = {B864A755-B934-4093-A746-0D473CED4F3E}
		{F259D023-B78E-B053-10D7-6F12BBC649CC} = {B864A755-B934-4093-A746-0D473CED4F3E}
		{06A3809B-6565-7BB6-9C90-83B6617F6A7E} = {B864A755-B934-4093-A746-0D473CED4F3E}
		{4FC954C8-C8B7-BB5F-A23B-70C10F7E33FD} = {B864A755-B934-4093-A746-0D473CED4F3E}
		{42D68C5D-7B96-4D98-95F5-21228C47F288} = {B864A755-B934-4093-A746-0D473CED4F3E}
		{DB9516EA-70B8-E918-D38D-6272B44A0A0E} = {B864A755-B934-4093-A746-0D473CED4F3E}
		{641230F3-6F40-F77C-B886-13657133DE87} = {B864A755-B934-4093-A746-0D473CED4F3E}
		{FFBC9A16-7136-3DBE-0037-66C9CC38DE89} = {B864A755-B934-4093-A746-0D473CED4F3E}
	EndGlobalSection
	GlobalSection(ExtensibilityGlobals) = postSolution
		SolutionGuid = {EEFD51C6-503D-4457-9008-9B77AB42949A}
	EndGlobalSection
EndGlobal
