
Microsoft Visual Studio Solution File, Format Version 12.00
# Visual Studio Version 17
VisualStudioVersion = 17.1.32210.238
MinimumVisualStudioVersion = 10.0.40219.1
Project("{930C7802-8A8C-48F9-8165-68863BCCD9DD}") = "IsWiXMM", "IsWiXMM\IsWiXMM.wixproj", "{928E70F5-F50B-445F-9AA9-E8FBD5ECF85C}"
EndProject
Project("{930C7802-8A8C-48F9-8165-68863BCCD9DD}") = "IsWiX", "IsWiX\IsWiX.wixproj", "{5D377FDD-482F-4CA9-9A1B-0B9C7F11C440}"
EndProject
Project("{FAE04EC0-301F-11D3-BF4B-00C04F79EFBC}") = "IsWiXActions", "IsWiXActions\IsWiXActions.csproj", "{8146CDD3-8258-4D92-BE57-7714846B4E45}"
EndProject
Project("{930C7802-8A8C-48F9-8165-68863BCCD9DD}") = "IsWiX2022AddInMM", "IsWiX2022AddInMM\IsWiX2022AddInMM.wixproj", "{EFA8E347-2372-413E-9E62-00CA15E392C0}"
EndProject
Project("{930C7802-8A8C-48F9-8165-68863BCCD9DD}") = "IsWiX2019AddInMM", "IsWiX2019AddInMM\IsWiX2019AddInMM.wixproj", "{4FC4FA20-B7B6-44F5-A82C-917AA8A26BF0}"
EndProject
Global
	GlobalSection(SolutionConfigurationPlatforms) = preSolution
		Debug|Any CPU = Debug|Any CPU
		Debug|Mixed Platforms = Debug|Mixed Platforms
		Debug|x86 = Debug|x86
		Release|Any CPU = Release|Any CPU
		Release|Mixed Platforms = Release|Mixed Platforms
		Release|x86 = Release|x86
	EndGlobalSection
	GlobalSection(ProjectConfigurationPlatforms) = postSolution
		{928E70F5-F50B-445F-9AA9-E8FBD5ECF85C}.Debug|Any CPU.ActiveCfg = Debug|x86
		{928E70F5-F50B-445F-9AA9-E8FBD5ECF85C}.Debug|Mixed Platforms.ActiveCfg = Debug|x86
		{928E70F5-F50B-445F-9AA9-E8FBD5ECF85C}.Debug|Mixed Platforms.Build.0 = Debug|x86
		{928E70F5-F50B-445F-9AA9-E8FBD5ECF85C}.Debug|x86.ActiveCfg = Debug|x86
		{928E70F5-F50B-445F-9AA9-E8FBD5ECF85C}.Debug|x86.Build.0 = Debug|x86
		{928E70F5-F50B-445F-9AA9-E8FBD5ECF85C}.Release|Any CPU.ActiveCfg = Release|x86
		{928E70F5-F50B-445F-9AA9-E8FBD5ECF85C}.Release|Mixed Platforms.ActiveCfg = Release|x86
		{928E70F5-F50B-445F-9AA9-E8FBD5ECF85C}.Release|Mixed Platforms.Build.0 = Release|x86
		{928E70F5-F50B-445F-9AA9-E8FBD5ECF85C}.Release|x86.ActiveCfg = Release|x86
		{928E70F5-F50B-445F-9AA9-E8FBD5ECF85C}.Release|x86.Build.0 = Release|x86
		{5D377FDD-482F-4CA9-9A1B-0B9C7F11C440}.Debug|Any CPU.ActiveCfg = Debug|x86
		{5D377FDD-482F-4CA9-9A1B-0B9C7F11C440}.Debug|Mixed Platforms.ActiveCfg = Debug|x86
		{5D377FDD-482F-4CA9-9A1B-0B9C7F11C440}.Debug|Mixed Platforms.Build.0 = Debug|x86
		{5D377FDD-482F-4CA9-9A1B-0B9C7F11C440}.Debug|x86.ActiveCfg = Debug|x86
		{5D377FDD-482F-4CA9-9A1B-0B9C7F11C440}.Debug|x86.Build.0 = Debug|x86
		{5D377FDD-482F-4CA9-9A1B-0B9C7F11C440}.Release|Any CPU.ActiveCfg = Release|x86
		{5D377FDD-482F-4CA9-9A1B-0B9C7F11C440}.Release|Mixed Platforms.ActiveCfg = Release|x86
		{5D377FDD-482F-4CA9-9A1B-0B9C7F11C440}.Release|Mixed Platforms.Build.0 = Release|x86
		{5D377FDD-482F-4CA9-9A1B-0B9C7F11C440}.Release|x86.ActiveCfg = Release|x86
		{5D377FDD-482F-4CA9-9A1B-0B9C7F11C440}.Release|x86.Build.0 = Release|x86
		{8146CDD3-8258-4D92-BE57-7714846B4E45}.Debug|Any CPU.ActiveCfg = Debug|x86
		{8146CDD3-8258-4D92-BE57-7714846B4E45}.Debug|Mixed Platforms.ActiveCfg = Debug|x86
		{8146CDD3-8258-4D92-BE57-7714846B4E45}.Debug|Mixed Platforms.Build.0 = Debug|x86
		{8146CDD3-8258-4D92-BE57-7714846B4E45}.Debug|x86.ActiveCfg = Debug|x86
		{8146CDD3-8258-4D92-BE57-7714846B4E45}.Debug|x86.Build.0 = Debug|x86
		{8146CDD3-8258-4D92-BE57-7714846B4E45}.Release|Any CPU.ActiveCfg = Release|x86
		{8146CDD3-8258-4D92-BE57-7714846B4E45}.Release|Mixed Platforms.ActiveCfg = Release|x86
		{8146CDD3-8258-4D92-BE57-7714846B4E45}.Release|Mixed Platforms.Build.0 = Release|x86
		{8146CDD3-8258-4D92-BE57-7714846B4E45}.Release|x86.ActiveCfg = Release|x86
		{8146CDD3-8258-4D92-BE57-7714846B4E45}.Release|x86.Build.0 = Release|x86
		{EFA8E347-2372-413E-9E62-00CA15E392C0}.Debug|Any CPU.ActiveCfg = Debug|x86
		{EFA8E347-2372-413E-9E62-00CA15E392C0}.Debug|Any CPU.Build.0 = Debug|x86
		{EFA8E347-2372-413E-9E62-00CA15E392C0}.Debug|Mixed Platforms.ActiveCfg = Debug|x86
		{EFA8E347-2372-413E-9E62-00CA15E392C0}.Debug|Mixed Platforms.Build.0 = Debug|x86
		{EFA8E347-2372-413E-9E62-00CA15E392C0}.Debug|x86.ActiveCfg = Debug|x86
		{EFA8E347-2372-413E-9E62-00CA15E392C0}.Debug|x86.Build.0 = Debug|x86
		{EFA8E347-2372-413E-9E62-00CA15E392C0}.Release|Any CPU.ActiveCfg = Release|x86
		{EFA8E347-2372-413E-9E62-00CA15E392C0}.Release|Any CPU.Build.0 = Release|x86
		{EFA8E347-2372-413E-9E62-00CA15E392C0}.Release|Mixed Platforms.ActiveCfg = Release|x86
		{EFA8E347-2372-413E-9E62-00CA15E392C0}.Release|Mixed Platforms.Build.0 = Release|x86
		{EFA8E347-2372-413E-9E62-00CA15E392C0}.Release|x86.ActiveCfg = Release|x86
		{EFA8E347-2372-413E-9E62-00CA15E392C0}.Release|x86.Build.0 = Release|x86
		{4FC4FA20-B7B6-44F5-A82C-917AA8A26BF0}.Debug|Any CPU.ActiveCfg = Debug|x86
		{4FC4FA20-B7B6-44F5-A82C-917AA8A26BF0}.Debug|Any CPU.Build.0 = Debug|x86
		{4FC4FA20-B7B6-44F5-A82C-917AA8A26BF0}.Debug|Mixed Platforms.ActiveCfg = Debug|x86
		{4FC4FA20-B7B6-44F5-A82C-917AA8A26BF0}.Debug|Mixed Platforms.Build.0 = Debug|x86
		{4FC4FA20-B7B6-44F5-A82C-917AA8A26BF0}.Debug|x86.ActiveCfg = Debug|x86
		{4FC4FA20-B7B6-44F5-A82C-917AA8A26BF0}.Debug|x86.Build.0 = Debug|x86
		{4FC4FA20-B7B6-44F5-A82C-917AA8A26BF0}.Release|Any CPU.ActiveCfg = Release|x86
		{4FC4FA20-B7B6-44F5-A82C-917AA8A26BF0}.Release|Any CPU.Build.0 = Release|x86
		{4FC4FA20-B7B6-44F5-A82C-917AA8A26BF0}.Release|Mixed Platforms.ActiveCfg = Release|x86
		{4FC4FA20-B7B6-44F5-A82C-917AA8A26BF0}.Release|Mixed Platforms.Build.0 = Release|x86
		{4FC4FA20-B7B6-44F5-A82C-917AA8A26BF0}.Release|x86.ActiveCfg = Release|x86
		{4FC4FA20-B7B6-44F5-A82C-917AA8A26BF0}.Release|x86.Build.0 = Release|x86
	EndGlobalSection
	GlobalSection(SolutionProperties) = preSolution
		HideSolutionNode = FALSE
	EndGlobalSection
	GlobalSection(ExtensibilityGlobals) = postSolution
		SolutionGuid = {80D9DD8B-0745-4322-A093-834AD37D250D}
	EndGlobalSection
EndGlobal
